{
  "version": 4,
  "terraform_version": "1.5.7",
  "serial": 86,
  "lineage": "f65cdc28-750e-f8f9-6f6b-65bc2379b21f",
  "outputs": {
    "vm_public_ip": {
      "value": "5.161.186.8",
      "type": "string"
    }
  },
  "resources": [
    {
      "mode": "managed",
      "type": "hcloud_firewall",
      "name": "minecraft-server-fw",
      "provider": "provider[\"registry.terraform.io/hetznercloud/hcloud\"]",
      "instances": [
        {
          "schema_version": 0,
          "attributes": {
            "apply_to": [],
            "id": "1067184",
            "labels": {},
            "name": "minecraft-server-firewall",
            "rule": [
              {
                "description": "",
                "destination_ips": [],
                "direction": "in",
                "port": "",
                "protocol": "icmp",
                "source_ips": [
                  "0.0.0.0/0",
                  "::/0"
                ]
              },
              {
                "description": "",
                "destination_ips": [],
                "direction": "in",
                "port": "25565",
                "protocol": "tcp",
                "source_ips": [
                  "0.0.0.0/0",
                  "::/0"
                ]
              },
              {
                "description": "allows SSH",
                "destination_ips": [],
                "direction": "in",
                "port": "22",
                "protocol": "tcp",
                "source_ips": [
                  "0.0.0.0/0",
                  "::/0"
                ]
              }
            ]
          },
          "sensitive_attributes": [],
          "private": "bnVsbA=="
        }
      ]
    },
    {
      "mode": "managed",
      "type": "hcloud_server",
      "name": "minecraft-server",
      "provider": "provider[\"registry.terraform.io/hetznercloud/hcloud\"]",
      "instances": [
        {
          "schema_version": 0,
          "attributes": {
            "allow_deprecated_images": false,
            "backup_window": "",
            "backups": false,
            "datacenter": "ash-dc1",
            "delete_protection": false,
            "firewall_ids": [
              1067184
            ],
            "id": "37564346",
            "ignore_remote_firewall_ids": false,
            "image": "ubuntu-22.04",
            "ipv4_address": "5.161.186.8",
            "ipv6_address": "2a01:4ff:f0:cb1e::1",
            "ipv6_network": "2a01:4ff:f0:cb1e::/64",
            "iso": null,
            "keep_disk": false,
            "labels": null,
            "location": "ash",
            "name": "minecraft-server",
            "network": [],
            "placement_group_id": null,
            "public_net": [
              {
                "ipv4": 0,
                "ipv4_enabled": true,
                "ipv6": 0,
                "ipv6_enabled": true
              }
            ],
            "rebuild_protection": false,
            "rescue": null,
            "server_type": "cpx21",
            "ssh_keys": [
              "15604405"
            ],
            "status": "running",
            "timeouts": null,
            "user_data": null
          },
          "sensitive_attributes": [],
          "private": "eyJlMmJmYjczMC1lY2FhLTExZTYtOGY4OC0zNDM2M2JjN2M0YzAiOnsiY3JlYXRlIjo1NDAwMDAwMDAwMDAwfX0=",
          "dependencies": [
            "hcloud_firewall.minecraft-server-fw",
            "hcloud_ssh_key.minecraft-server-key"
          ]
        }
      ]
    },
    {
      "mode": "managed",
      "type": "hcloud_ssh_key",
      "name": "minecraft-server-key",
      "provider": "provider[\"registry.terraform.io/hetznercloud/hcloud\"]",
      "instances": [
        {
          "schema_version": 0,
          "attributes": {
            "fingerprint": "35:48:c9:79:81:5e:c7:71:27:25:f2:e5:77:50:2e:b2",
            "id": "15604405",
            "labels": null,
            "name": "minecraft-server-key",
            "public_key": "ssh-rsa AAAAB3NzaC1yc2EAAAADAQABAAABAQDNXF+oXF2tW4MudubsM/SM7urX7I72IU7Vdvt0jLCCGnuIIZjNrO0++iLyUGJJwwf1tnCKiwfURIEh/jvG/rNh13zbvcC8Tt2UH6ZtUhv8B0ns6eYnZ4LTRPhqO70gU0o2IK34pNoc1R+XmyZGLL9nHlFdCkdaq0qCLlRTETZVcoTESqUN/WPqJyHflS2WVEDkyUyuvv/HnSbRWJAaL1C/heZwDbj8P+9suYTnbtq2jynKkXqQx+/pxaZAaLozIR1LkUE4ZYZoe4PsHcqgnaKJseLeqQGq8q66NPo+yhQTHnPswgoiGjcUae17AWsPMuuuAFZxiXBT/lRIdd+C78v3 jonatas@debian\n"
          },
          "sensitive_attributes": [],
          "private": "bnVsbA=="
        }
      ]
    }
  ],
  "check_results": null
}
